
Microsoft Visual Studio Solution File, Format Version 12.00
# Visual Studio 15
VisualStudioVersion = 15.0.28307.168
MinimumVisualStudioVersion = 10.0.40219.1
Project("{9A19103F-16F7-4668-BE54-9A1E7A4F7556}") = "Spark.Core", "src\Spark.Core\Spark.Core.csproj", "{6D3789D4-C554-433D-B4F9-74FEEAE5FC66}"
EndProject
Project("{9A19103F-16F7-4668-BE54-9A1E7A4F7556}") = "Spark.AspNetCore", "src\Spark.AspNetCore\Spark.AspNetCore.csproj", "{32A122E9-9D7F-4767-995C-7092EEF02E9E}"
EndProject
Project("{2150E333-8FDC-42A3-9474-1A3956D46DE8}") = "src", "src", "{0F1F7886-F54A-45CA-8B38-3C76E6EE4FFD}"
EndProject
Project("{2150E333-8FDC-42A3-9474-1A3956D46DE8}") = "Config", "Config", "{CE28DC77-ACB6-40B4-BDBC-4C93F9BE5FC9}"
EndProject
Project("{9A19103F-16F7-4668-BE54-9A1E7A4F7556}") = "Spark.Config", "src\Config\Spark.Config\Spark.Config.csproj", "{AC1A7CEE-5EAE-47C2-8B2A-8DFA48A3BFCA}"
EndProject
Project("{9A19103F-16F7-4668-BE54-9A1E7A4F7556}") = "Spark.Config.SDK", "src\Config\Spark.Config.SDK\Spark.Config.SDK.csproj", "{8BF7DA13-88E8-4F00-9D1E-25AA5A430960}"
EndProject
Project("{9A19103F-16F7-4668-BE54-9A1E7A4F7556}") = "Spark.Config.Api", "src\Config\Spark.Config.Api\Spark.Config.Api.csproj", "{E6A6EFCA-76EF-4B3D-82B2-35C572EC8206}"
EndProject
Project("{2150E333-8FDC-42A3-9474-1A3956D46DE8}") = "SmartSql", "SmartSql", "{C5A630D9-DD59-4C35-A375-22ECA7C5E463}"
EndProject
Project("{9A19103F-16F7-4668-BE54-9A1E7A4F7556}") = "Spark.SmartSqlConfig", "src\SmartSql\Spark.SmartSqlConfig\Spark.SmartSqlConfig.csproj", "{36E115F6-137D-4DE1-A187-5EDB0E75C03E}"
EndProject
Project("{2150E333-8FDC-42A3-9474-1A3956D46DE8}") = "Logging", "Logging", "{DE002257-6101-4B68-87D8-64E76972BC14}"
EndProject
Project("{9A19103F-16F7-4668-BE54-9A1E7A4F7556}") = "Spark.Logging", "src\Logging\Spark.Logging\Spark.Logging.csproj", "{3F44097A-3868-4886-9C11-F27558119175}"
EndProject
Project("{9A19103F-16F7-4668-BE54-9A1E7A4F7556}") = "Spark.Logging.EventBusStore", "src\Logging\Spark.Logging.EventBusStore\Spark.Logging.EventBusStore.csproj", "{F331A973-05DC-43C8-A769-A26D2E8DC087}"
EndProject
Project("{2150E333-8FDC-42A3-9474-1A3956D46DE8}") = "EventBus", "EventBus", "{35288618-D40E-4379-8111-DECC08BF39BE}"
EndProject
Project("{9A19103F-16F7-4668-BE54-9A1E7A4F7556}") = "Spark.EventBus", "src\EventBus\Spark.EventBus\Spark.EventBus.csproj", "{04DFEE73-768C-4E28-A245-DBDA53337A0E}"
EndProject
Project("{2150E333-8FDC-42A3-9474-1A3956D46DE8}") = "ServiceDiscovery", "ServiceDiscovery", "{C3708247-911D-4349-B3CB-A78534D38D77}"
EndProject
Project("{9A19103F-16F7-4668-BE54-9A1E7A4F7556}") = "Spark.ServiceDiscovery", "src\ServiceDiscovery\Spark.ServiceDiscovery\Spark.ServiceDiscovery.csproj", "{A3DAC54B-7789-4A75-8B97-54FF62A79416}"
EndProject
Project("{9A19103F-16F7-4668-BE54-9A1E7A4F7556}") = "Spark.ServiceDiscovery.Remote", "src\ServiceDiscovery\Spark.ServiceDiscovery.Remote\Spark.ServiceDiscovery.Remote.csproj", "{EA7059A8-0909-4B5D-9B6F-E5B968AA2BF2}"
EndProject
Project("{9A19103F-16F7-4668-BE54-9A1E7A4F7556}") = "Spark.LoadBalancer", "src\ServiceDiscovery\Spark.LoadBalancer\Spark.LoadBalancer.csproj", "{E3478FBF-5A71-4B6A-9EAA-863754DFA5A4}"
EndProject
Project("{9A19103F-16F7-4668-BE54-9A1E7A4F7556}") = "Spark.EventBus.RabbitMQ", "src\EventBus\Spark.EventBus.RabbitMQ\Spark.EventBus.RabbitMQ.csproj", "{D1769C07-59D6-4496-8252-45A8AE8713BE}"
EndProject
Project("{2150E333-8FDC-42A3-9474-1A3956D46DE8}") = "Utility", "Utility", "{31AAEA2E-71E6-4F74-8A70-4ACF5FD546F3}"
EndProject
Project("{9A19103F-16F7-4668-BE54-9A1E7A4F7556}") = "Spark.WeiXinSdk", "src\Utility\Spark.WeiXinSdk\Spark.WeiXinSdk.csproj", "{8F64F9B4-8D63-4CA0-ACB0-01EAEAEE4304}"
EndProject
Project("{9A19103F-16F7-4668-BE54-9A1E7A4F7556}") = "Spark.Utility", "src\Utility\Spark.Utility\Spark.Utility.csproj", "{9D4506DB-1DC8-43C8-8590-23F34398D54F}"
EndProject
Project("{2150E333-8FDC-42A3-9474-1A3956D46DE8}") = "Gateway", "Gateway", "{308CF5D2-3D68-44A4-AAA1-35A72F66F1ED}"
EndProject
Project("{9A19103F-16F7-4668-BE54-9A1E7A4F7556}") = "Spark.Ocelot.Consul", "src\Gateway\Spark.Ocelot.Consul\Spark.Ocelot.Consul.csproj", "{94BB352E-2447-4722-ACDC-A17FD6D777B5}"
EndProject
Project("{9A19103F-16F7-4668-BE54-9A1E7A4F7556}") = "Spark.Ocelot.Remote", "src\Gateway\Spark.Ocelot.Remote\Spark.Ocelot.Remote.csproj", "{0B8F77FD-53EB-43C8-86A2-5AF39EDC96CD}"
EndProject
Project("{FAE04EC0-301F-11D3-BF4B-00C04F79EFBC}") = "Spark.Samples.WebApi", "samples\Spark.Samples.WebApi\Spark.Samples.WebApi.csproj", "{3BC25441-57D3-4405-89A6-E6ECA1751174}"
EndProject
Project("{2150E333-8FDC-42A3-9474-1A3956D46DE8}") = "samples", "samples", "{FE9E90D9-5D3A-48D0-B52D-B6F65A2D7920}"
EndProject
Global
	GlobalSection(SolutionConfigurationPlatforms) = preSolution
		Debug|Any CPU = Debug|Any CPU
		Release|Any CPU = Release|Any CPU
	EndGlobalSection
	GlobalSection(ProjectConfigurationPlatforms) = postSolution
		{6D3789D4-C554-433D-B4F9-74FEEAE5FC66}.Debug|Any CPU.ActiveCfg = Debug|Any CPU
		{6D3789D4-C554-433D-B4F9-74FEEAE5FC66}.Debug|Any CPU.Build.0 = Debug|Any CPU
		{6D3789D4-C554-433D-B4F9-74FEEAE5FC66}.Release|Any CPU.ActiveCfg = Release|Any CPU
		{6D3789D4-C554-433D-B4F9-74FEEAE5FC66}.Release|Any CPU.Build.0 = Release|Any CPU
		{32A122E9-9D7F-4767-995C-7092EEF02E9E}.Debug|Any CPU.ActiveCfg = Debug|Any CPU
		{32A122E9-9D7F-4767-995C-7092EEF02E9E}.Debug|Any CPU.Build.0 = Debug|Any CPU
		{32A122E9-9D7F-4767-995C-7092EEF02E9E}.Release|Any CPU.ActiveCfg = Release|Any CPU
		{32A122E9-9D7F-4767-995C-7092EEF02E9E}.Release|Any CPU.Build.0 = Release|Any CPU
		{AC1A7CEE-5EAE-47C2-8B2A-8DFA48A3BFCA}.Debug|Any CPU.ActiveCfg = Debug|Any CPU
		{AC1A7CEE-5EAE-47C2-8B2A-8DFA48A3BFCA}.Debug|Any CPU.Build.0 = Debug|Any CPU
		{AC1A7CEE-5EAE-47C2-8B2A-8DFA48A3BFCA}.Release|Any CPU.ActiveCfg = Release|Any CPU
		{AC1A7CEE-5EAE-47C2-8B2A-8DFA48A3BFCA}.Release|Any CPU.Build.0 = Release|Any CPU
		{8BF7DA13-88E8-4F00-9D1E-25AA5A430960}.Debug|Any CPU.ActiveCfg = Debug|Any CPU
		{8BF7DA13-88E8-4F00-9D1E-25AA5A430960}.Debug|Any CPU.Build.0 = Debug|Any CPU
		{8BF7DA13-88E8-4F00-9D1E-25AA5A430960}.Release|Any CPU.ActiveCfg = Release|Any CPU
		{8BF7DA13-88E8-4F00-9D1E-25AA5A430960}.Release|Any CPU.Build.0 = Release|Any CPU
		{E6A6EFCA-76EF-4B3D-82B2-35C572EC8206}.Debug|Any CPU.ActiveCfg = Debug|Any CPU
		{E6A6EFCA-76EF-4B3D-82B2-35C572EC8206}.Debug|Any CPU.Build.0 = Debug|Any CPU
		{E6A6EFCA-76EF-4B3D-82B2-35C572EC8206}.Release|Any CPU.ActiveCfg = Release|Any CPU
		{E6A6EFCA-76EF-4B3D-82B2-35C572EC8206}.Release|Any CPU.Build.0 = Release|Any CPU
		{36E115F6-137D-4DE1-A187-5EDB0E75C03E}.Debug|Any CPU.ActiveCfg = Debug|Any CPU
		{36E115F6-137D-4DE1-A187-5EDB0E75C03E}.Debug|Any CPU.Build.0 = Debug|Any CPU
		{36E115F6-137D-4DE1-A187-5EDB0E75C03E}.Release|Any CPU.ActiveCfg = Release|Any CPU
		{36E115F6-137D-4DE1-A187-5EDB0E75C03E}.Release|Any CPU.Build.0 = Release|Any CPU
		{3F44097A-3868-4886-9C11-F27558119175}.Debug|Any CPU.ActiveCfg = Debug|Any CPU
		{3F44097A-3868-4886-9C11-F27558119175}.Debug|Any CPU.Build.0 = Debug|Any CPU
		{3F44097A-3868-4886-9C11-F27558119175}.Release|Any CPU.ActiveCfg = Release|Any CPU
		{3F44097A-3868-4886-9C11-F27558119175}.Release|Any CPU.Build.0 = Release|Any CPU
		{F331A973-05DC-43C8-A769-A26D2E8DC087}.Debug|Any CPU.ActiveCfg = Debug|Any CPU
		{F331A973-05DC-43C8-A769-A26D2E8DC087}.Debug|Any CPU.Build.0 = Debug|Any CPU
		{F331A973-05DC-43C8-A769-A26D2E8DC087}.Release|Any CPU.ActiveCfg = Release|Any CPU
		{F331A973-05DC-43C8-A769-A26D2E8DC087}.Release|Any CPU.Build.0 = Release|Any CPU
		{04DFEE73-768C-4E28-A245-DBDA53337A0E}.Debug|Any CPU.ActiveCfg = Debug|Any CPU
		{04DFEE73-768C-4E28-A245-DBDA53337A0E}.Debug|Any CPU.Build.0 = Debug|Any CPU
		{04DFEE73-768C-4E28-A245-DBDA53337A0E}.Release|Any CPU.ActiveCfg = Release|Any CPU
		{04DFEE73-768C-4E28-A245-DBDA53337A0E}.Release|Any CPU.Build.0 = Release|Any CPU
		{A3DAC54B-7789-4A75-8B97-54FF62A79416}.Debug|Any CPU.ActiveCfg = Debug|Any CPU
		{A3DAC54B-7789-4A75-8B97-54FF62A79416}.Debug|Any CPU.Build.0 = Debug|Any CPU
		{A3DAC54B-7789-4A75-8B97-54FF62A79416}.Release|Any CPU.ActiveCfg = Release|Any CPU
		{A3DAC54B-7789-4A75-8B97-54FF62A79416}.Release|Any CPU.Build.0 = Release|Any CPU
		{EA7059A8-0909-4B5D-9B6F-E5B968AA2BF2}.Debug|Any CPU.ActiveCfg = Debug|Any CPU
		{EA7059A8-0909-4B5D-9B6F-E5B968AA2BF2}.Debug|Any CPU.Build.0 = Debug|Any CPU
		{EA7059A8-0909-4B5D-9B6F-E5B968AA2BF2}.Release|Any CPU.ActiveCfg = Release|Any CPU
		{EA7059A8-0909-4B5D-9B6F-E5B968AA2BF2}.Release|Any CPU.Build.0 = Release|Any CPU
		{E3478FBF-5A71-4B6A-9EAA-863754DFA5A4}.Debug|Any CPU.ActiveCfg = Debug|Any CPU
		{E3478FBF-5A71-4B6A-9EAA-863754DFA5A4}.Debug|Any CPU.Build.0 = Debug|Any CPU
		{E3478FBF-5A71-4B6A-9EAA-863754DFA5A4}.Release|Any CPU.ActiveCfg = Release|Any CPU
		{E3478FBF-5A71-4B6A-9EAA-863754DFA5A4}.Release|Any CPU.Build.0 = Release|Any CPU
		{D1769C07-59D6-4496-8252-45A8AE8713BE}.Debug|Any CPU.ActiveCfg = Debug|Any CPU
		{D1769C07-59D6-4496-8252-45A8AE8713BE}.Debug|Any CPU.Build.0 = Debug|Any CPU
		{D1769C07-59D6-4496-8252-45A8AE8713BE}.Release|Any CPU.ActiveCfg = Release|Any CPU
		{D1769C07-59D6-4496-8252-45A8AE8713BE}.Release|Any CPU.Build.0 = Release|Any CPU
		{8F64F9B4-8D63-4CA0-ACB0-01EAEAEE4304}.Debug|Any CPU.ActiveCfg = Debug|Any CPU
		{8F64F9B4-8D63-4CA0-ACB0-01EAEAEE4304}.Debug|Any CPU.Build.0 = Debug|Any CPU
		{8F64F9B4-8D63-4CA0-ACB0-01EAEAEE4304}.Release|Any CPU.ActiveCfg = Release|Any CPU
		{8F64F9B4-8D63-4CA0-ACB0-01EAEAEE4304}.Release|Any CPU.Build.0 = Release|Any CPU
		{9D4506DB-1DC8-43C8-8590-23F34398D54F}.Debug|Any CPU.ActiveCfg = Debug|Any CPU
		{9D4506DB-1DC8-43C8-8590-23F34398D54F}.Debug|Any CPU.Build.0 = Debug|Any CPU
		{9D4506DB-1DC8-43C8-8590-23F34398D54F}.Release|Any CPU.ActiveCfg = Release|Any CPU
		{9D4506DB-1DC8-43C8-8590-23F34398D54F}.Release|Any CPU.Build.0 = Release|Any CPU
		{94BB352E-2447-4722-ACDC-A17FD6D777B5}.Debug|Any CPU.ActiveCfg = Debug|Any CPU
		{94BB352E-2447-4722-ACDC-A17FD6D777B5}.Debug|Any CPU.Build.0 = Debug|Any CPU
		{94BB352E-2447-4722-ACDC-A17FD6D777B5}.Release|Any CPU.ActiveCfg = Release|Any CPU
		{94BB352E-2447-4722-ACDC-A17FD6D777B5}.Release|Any CPU.Build.0 = Release|Any CPU
		{0B8F77FD-53EB-43C8-86A2-5AF39EDC96CD}.Debug|Any CPU.ActiveCfg = Debug|Any CPU
		{0B8F77FD-53EB-43C8-86A2-5AF39EDC96CD}.Debug|Any CPU.Build.0 = Debug|Any CPU
		{0B8F77FD-53EB-43C8-86A2-5AF39EDC96CD}.Release|Any CPU.ActiveCfg = Release|Any CPU
		{0B8F77FD-53EB-43C8-86A2-5AF39EDC96CD}.Release|Any CPU.Build.0 = Release|Any CPU
		{3BC25441-57D3-4405-89A6-E6ECA1751174}.Debug|Any CPU.ActiveCfg = Debug|Any CPU
		{3BC25441-57D3-4405-89A6-E6ECA1751174}.Debug|Any CPU.Build.0 = Debug|Any CPU
		{3BC25441-57D3-4405-89A6-E6ECA1751174}.Release|Any CPU.ActiveCfg = Release|Any CPU
		{3BC25441-57D3-4405-89A6-E6ECA1751174}.Release|Any CPU.Build.0 = Release|Any CPU
	EndGlobalSection
	GlobalSection(SolutionProperties) = preSolution
		HideSolutionNode = FALSE
	EndGlobalSection
	GlobalSection(NestedProjects) = preSolution
		{6D3789D4-C554-433D-B4F9-74FEEAE5FC66} = {0F1F7886-F54A-45CA-8B38-3C76E6EE4FFD}
		{32A122E9-9D7F-4767-995C-7092EEF02E9E} = {0F1F7886-F54A-45CA-8B38-3C76E6EE4FFD}
		{CE28DC77-ACB6-40B4-BDBC-4C93F9BE5FC9} = {0F1F7886-F54A-45CA-8B38-3C76E6EE4FFD}
		{AC1A7CEE-5EAE-47C2-8B2A-8DFA48A3BFCA} = {CE28DC77-ACB6-40B4-BDBC-4C93F9BE5FC9}
		{8BF7DA13-88E8-4F00-9D1E-25AA5A430960} = {CE28DC77-ACB6-40B4-BDBC-4C93F9BE5FC9}
		{E6A6EFCA-76EF-4B3D-82B2-35C572EC8206} = {CE28DC77-ACB6-40B4-BDBC-4C93F9BE5FC9}
		{C5A630D9-DD59-4C35-A375-22ECA7C5E463} = {0F1F7886-F54A-45CA-8B38-3C76E6EE4FFD}
		{36E115F6-137D-4DE1-A187-5EDB0E75C03E} = {C5A630D9-DD59-4C35-A375-22ECA7C5E463}
		{DE002257-6101-4B68-87D8-64E76972BC14} = {0F1F7886-F54A-45CA-8B38-3C76E6EE4FFD}
		{3F44097A-3868-4886-9C11-F27558119175} = {DE002257-6101-4B68-87D8-64E76972BC14}
		{F331A973-05DC-43C8-A769-A26D2E8DC087} = {DE002257-6101-4B68-87D8-64E76972BC14}
		{35288618-D40E-4379-8111-DECC08BF39BE} = {0F1F7886-F54A-45CA-8B38-3C76E6EE4FFD}
		{04DFEE73-768C-4E28-A245-DBDA53337A0E} = {35288618-D40E-4379-8111-DECC08BF39BE}
		{C3708247-911D-4349-B3CB-A78534D38D77} = {0F1F7886-F54A-45CA-8B38-3C76E6EE4FFD}
		{A3DAC54B-7789-4A75-8B97-54FF62A79416} = {C3708247-911D-4349-B3CB-A78534D38D77}
		{EA7059A8-0909-4B5D-9B6F-E5B968AA2BF2} = {C3708247-911D-4349-B3CB-A78534D38D77}
		{E3478FBF-5A71-4B6A-9EAA-863754DFA5A4} = {C3708247-911D-4349-B3CB-A78534D38D77}
		{D1769C07-59D6-4496-8252-45A8AE8713BE} = {35288618-D40E-4379-8111-DECC08BF39BE}
		{31AAEA2E-71E6-4F74-8A70-4ACF5FD546F3} = {0F1F7886-F54A-45CA-8B38-3C76E6EE4FFD}
		{8F64F9B4-8D63-4CA0-ACB0-01EAEAEE4304} = {31AAEA2E-71E6-4F74-8A70-4ACF5FD546F3}
		{9D4506DB-1DC8-43C8-8590-23F34398D54F} = {31AAEA2E-71E6-4F74-8A70-4ACF5FD546F3}
		{308CF5D2-3D68-44A4-AAA1-35A72F66F1ED} = {0F1F7886-F54A-45CA-8B38-3C76E6EE4FFD}
		{94BB352E-2447-4722-ACDC-A17FD6D777B5} = {308CF5D2-3D68-44A4-AAA1-35A72F66F1ED}
		{0B8F77FD-53EB-43C8-86A2-5AF39EDC96CD} = {308CF5D2-3D68-44A4-AAA1-35A72F66F1ED}
		{3BC25441-57D3-4405-89A6-E6ECA1751174} = {FE9E90D9-5D3A-48D0-B52D-B6F65A2D7920}
	EndGlobalSection
	GlobalSection(ExtensibilityGlobals) = postSolution
		SolutionGuid = {6AAE7D52-5BDE-4FCA-A2E0-154D8C7B02AC}
	EndGlobalSection
EndGlobal
